// !$*UTF8*$!
{
	archiveVersion = 1;
	classes = {
	};
	objectVersion = 50;
	objects = {

/* Begin PBXBuildFile section */
		336771CD49835EED0D8AC333 /* Pods_LuckyApp.framework in Frameworks */ = {isa = PBXBuildFile; fileRef = 2009555DEC1E917806459781 /* Pods_LuckyApp.framework */; };
		86432AF2253278D40016F810 /* TestViewController.swift in Sources */ = {isa = PBXBuildFile; fileRef = 86432AF1253278D40016F810 /* TestViewController.swift */; };
		8644CEA925326EE5007C4ADD /* AppDelegate.swift in Sources */ = {isa = PBXBuildFile; fileRef = 8644CEA825326EE5007C4ADD /* AppDelegate.swift */; };
		8644CEAB25326EE5007C4ADD /* SceneDelegate.swift in Sources */ = {isa = PBXBuildFile; fileRef = 8644CEAA25326EE5007C4ADD /* SceneDelegate.swift */; };
		8644CEAD25326EE5007C4ADD /* ViewController.swift in Sources */ = {isa = PBXBuildFile; fileRef = 8644CEAC25326EE5007C4ADD /* ViewController.swift */; };
		8644CEB025326EE5007C4ADD /* Main.storyboard in Resources */ = {isa = PBXBuildFile; fileRef = 8644CEAE25326EE5007C4ADD /* Main.storyboard */; };
		8644CEB225326EE6007C4ADD /* Assets.xcassets in Resources */ = {isa = PBXBuildFile; fileRef = 8644CEB125326EE6007C4ADD /* Assets.xcassets */; };
		8644CEB525326EE6007C4ADD /* LaunchScreen.storyboard in Resources */ = {isa = PBXBuildFile; fileRef = 8644CEB325326EE6007C4ADD /* LaunchScreen.storyboard */; };
/* End PBXBuildFile section */

/* Begin PBXFileReference section */
		2009555DEC1E917806459781 /* Pods_LuckyApp.framework */ = {isa = PBXFileReference; explicitFileType = wrapper.framework; includeInIndex = 0; path = Pods_LuckyApp.framework; sourceTree = BUILT_PRODUCTS_DIR; };
		4EB02D82E5E3B24600F65E3B /* Pods-LuckyApp.debug.xcconfig */ = {isa = PBXFileReference; includeInIndex = 1; lastKnownFileType = text.xcconfig; name = "Pods-LuckyApp.debug.xcconfig"; path = "Target Support Files/Pods-LuckyApp/Pods-LuckyApp.debug.xcconfig"; sourceTree = "<group>"; };
		547BB5B2312D7086D7DD5C1C /* Pods-LuckyApp.release.xcconfig */ = {isa = PBXFileReference; includeInIndex = 1; lastKnownFileType = text.xcconfig; name = "Pods-LuckyApp.release.xcconfig"; path = "Target Support Files/Pods-LuckyApp/Pods-LuckyApp.release.xcconfig"; sourceTree = "<group>"; };
		86432AF1253278D40016F810 /* TestViewController.swift */ = {isa = PBXFileReference; lastKnownFileType = sourcecode.swift; path = TestViewController.swift; sourceTree = "<group>"; };
		8644CEA525326EE5007C4ADD /* LuckyApp.app */ = {isa = PBXFileReference; explicitFileType = wrapper.application; includeInIndex = 0; path = LuckyApp.app; sourceTree = BUILT_PRODUCTS_DIR; };
		8644CEA825326EE5007C4ADD /* AppDelegate.swift */ = {isa = PBXFileReference; lastKnownFileType = sourcecode.swift; path = AppDelegate.swift; sourceTree = "<group>"; };
		8644CEAA25326EE5007C4ADD /* SceneDelegate.swift */ = {isa = PBXFileReference; lastKnownFileType = sourcecode.swift; path = SceneDelegate.swift; sourceTree = "<group>"; };
		8644CEAC25326EE5007C4ADD /* ViewController.swift */ = {isa = PBXFileReference; lastKnownFileType = sourcecode.swift; path = ViewController.swift; sourceTree = "<group>"; };
		8644CEAF25326EE5007C4ADD /* Base */ = {isa = PBXFileReference; lastKnownFileType = file.storyboard; name = Base; path = Base.lproj/Main.storyboard; sourceTree = "<group>"; };
		8644CEB125326EE6007C4ADD /* Assets.xcassets */ = {isa = PBXFileReference; lastKnownFileType = folder.assetcatalog; path = Assets.xcassets; sourceTree = "<group>"; };
		8644CEB425326EE6007C4ADD /* Base */ = {isa = PBXFileReference; lastKnownFileType = file.storyboard; name = Base; path = Base.lproj/LaunchScreen.storyboard; sourceTree = "<group>"; };
		8644CEB625326EE7007C4ADD /* Info.plist */ = {isa = PBXFileReference; lastKnownFileType = text.plist.xml; path = Info.plist; sourceTree = "<group>"; };
/* End PBXFileReference section */

/* Begin PBXFrameworksBuildPhase section */
		8644CEA225326EE5007C4ADD /* Frameworks */ = {
			isa = PBXFrameworksBuildPhase;
			buildActionMask = 2147483647;
			files = (
				336771CD49835EED0D8AC333 /* Pods_LuckyApp.framework in Frameworks */,
			);
			runOnlyForDeploymentPostprocessing = 0;
		};
/* End PBXFrameworksBuildPhase section */

/* Begin PBXGroup section */
		22ABA8389D0DD296A54767E6 /* Frameworks */ = {
			isa = PBXGroup;
			children = (
				2009555DEC1E917806459781 /* Pods_LuckyApp.framework */,
			);
			name = Frameworks;
			sourceTree = "<group>";
		};
		8644CE9C25326EE5007C4ADD = {
			isa = PBXGroup;
			children = (
				8644CEA725326EE5007C4ADD /* LuckyApp */,
				8644CEA625326EE5007C4ADD /* Products */,
				F2168B9C2479BB76437BC748 /* Pods */,
				22ABA8389D0DD296A54767E6 /* Frameworks */,
			);
			sourceTree = "<group>";
		};
		8644CEA625326EE5007C4ADD /* Products */ = {
			isa = PBXGroup;
			children = (
				8644CEA525326EE5007C4ADD /* LuckyApp.app */,
			);
			name = Products;
			sourceTree = "<group>";
		};
		8644CEA725326EE5007C4ADD /* LuckyApp */ = {
			isa = PBXGroup;
			children = (
				8644CEA825326EE5007C4ADD /* AppDelegate.swift */,
				8644CEAA25326EE5007C4ADD /* SceneDelegate.swift */,
				8644CEAC25326EE5007C4ADD /* ViewController.swift */,
				8644CEAE25326EE5007C4ADD /* Main.storyboard */,
				8644CEB125326EE6007C4ADD /* Assets.xcassets */,
				8644CEB325326EE6007C4ADD /* LaunchScreen.storyboard */,
				8644CEB625326EE7007C4ADD /* Info.plist */,
				86432AF1253278D40016F810 /* TestViewController.swift */,
			);
			path = LuckyApp;
			sourceTree = "<group>";
		};
		F2168B9C2479BB76437BC748 /* Pods */ = {
			isa = PBXGroup;
			children = (
				4EB02D82E5E3B24600F65E3B /* Pods-LuckyApp.debug.xcconfig */,
				547BB5B2312D7086D7DD5C1C /* Pods-LuckyApp.release.xcconfig */,
			);
			path = Pods;
			sourceTree = "<group>";
		};
/* End PBXGroup section */

/* Begin PBXNativeTarget section */
		8644CEA425326EE5007C4ADD /* LuckyApp */ = {
			isa = PBXNativeTarget;
			buildConfigurationList = 8644CEB925326EE7007C4ADD /* Build configuration list for PBXNativeTarget "LuckyApp" */;
			buildPhases = (
				B9649EAC20079A7BFFC4E83F /* [CP] Check Pods Manifest.lock */,
				8644CEA125326EE5007C4ADD /* Sources */,
				8644CEA225326EE5007C4ADD /* Frameworks */,
				8644CEA325326EE5007C4ADD /* Resources */,
			);
			buildRules = (
			);
			dependencies = (
			);
			name = LuckyApp;
			productName = LuckyApp;
			productReference = 8644CEA525326EE5007C4ADD /* LuckyApp.app */;
			productType = "com.apple.product-type.application";
		};
/* End PBXNativeTarget section */

/* Begin PBXProject section */
		8644CE9D25326EE5007C4ADD /* Project object */ = {
			isa = PBXProject;
			attributes = {
				LastSwiftUpdateCheck = 1120;
				LastUpgradeCheck = 1120;
				ORGANIZATIONNAME = EstebanBoffa;
				TargetAttributes = {
					8644CEA425326EE5007C4ADD = {
						CreatedOnToolsVersion = 11.2.1;
					};
				};
			};
			buildConfigurationList = 8644CEA025326EE5007C4ADD /* Build configuration list for PBXProject "LuckyApp" */;
			compatibilityVersion = "Xcode 9.3";
			developmentRegion = en;
			hasScannedForEncodings = 0;
			knownRegions = (
				en,
				Base,
			);
			mainGroup = 8644CE9C25326EE5007C4ADD;
			productRefGroup = 8644CEA625326EE5007C4ADD /* Products */;
			projectDirPath = "";
			projectRoot = "";
			targets = (
				8644CEA425326EE5007C4ADD /* LuckyApp */,
			);
		};
/* End PBXProject section */

/* Begin PBXResourcesBuildPhase section */
		8644CEA325326EE5007C4ADD /* Resources */ = {
			isa = PBXResourcesBuildPhase;
			buildActionMask = 2147483647;
			files = (
				8644CEB525326EE6007C4ADD /* LaunchScreen.storyboard in Resources */,
				8644CEB225326EE6007C4ADD /* Assets.xcassets in Resources */,
				8644CEB025326EE5007C4ADD /* Main.storyboard in Resources */,
			);
			runOnlyForDeploymentPostprocessing = 0;
		};
/* End PBXResourcesBuildPhase section */

/* Begin PBXShellScriptBuildPhase section */
		B9649EAC20079A7BFFC4E83F /* [CP] Check Pods Manifest.lock */ = {
			isa = PBXShellScriptBuildPhase;
			buildActionMask = 2147483647;
			files = (
			);
			inputFileListPaths = (
			);
			inputPaths = (
				"${PODS_PODFILE_DIR_PATH}/Podfile.lock",
				"${PODS_ROOT}/Manifest.lock",
			);
			name = "[CP] Check Pods Manifest.lock";
			outputFileListPaths = (
			);
			outputPaths = (
				"$(DERIVED_FILE_DIR)/Pods-LuckyApp-checkManifestLockResult.txt",
			);
			runOnlyForDeploymentPostprocessing = 0;
			shellPath = /bin/sh;
			shellScript = "diff \"${PODS_PODFILE_DIR_PATH}/Podfile.lock\" \"${PODS_ROOT}/Manifest.lock\" > /dev/null\nif [ $? != 0 ] ; then\n    # print error to STDERR\n    echo \"error: The sandbox is not in sync with the Podfile.lock. Run 'pod install' or update your CocoaPods installation.\" >&2\n    exit 1\nfi\n# This output is used by Xcode 'outputs' to avoid re-running this script phase.\necho \"SUCCESS\" > \"${SCRIPT_OUTPUT_FILE_0}\"\n";
			showEnvVarsInLog = 0;
		};
/* End PBXShellScriptBuildPhase section */

/* Begin PBXSourcesBuildPhase section */
		8644CEA125326EE5007C4ADD /* Sources */ = {
			isa = PBXSourcesBuildPhase;
			buildActionMask = 2147483647;
			files = (
				8644CEAD25326EE5007C4ADD /* ViewController.swift in Sources */,
				8644CEA925326EE5007C4ADD /* AppDelegate.swift in Sources */,
				86432AF2253278D40016F810 /* TestViewController.swift in Sources */,
				8644CEAB25326EE5007C4ADD /* SceneDelegate.swift in Sources */,
			);
			runOnlyForDeploymentPostprocessing = 0;
		};
/* End PBXSourcesBuildPhase section */

/* Begin PBXVariantGroup section */
		8644CEAE25326EE5007C4ADD /* Main.storyboard */ = {
			isa = PBXVariantGroup;
			children = (
				8644CEAF25326EE5007C4ADD /* Base */,
			);
			name = Main.storyboard;
			sourceTree = "<group>";
		};
		8644CEB325326EE6007C4ADD /* LaunchScreen.storyboard */ = {
			isa = PBXVariantGroup;
			children = (
				8644CEB425326EE6007C4ADD /* Base */,
			);
			name = LaunchScreen.storyboard;
			sourceTree = "<group>";
		};
/* End PBXVariantGroup section */

/* Begin XCBuildConfiguration section */
		8644CEB725326EE7007C4ADD /* Debug */ = {
			isa = XCBuildConfiguration;
			buildSettings = {
				ALWAYS_SEARCH_USER_PATHS = NO;
				CLANG_ANALYZER_NONNULL = YES;
				CLANG_ANALYZER_NUMBER_OBJECT_CONVERSION = YES_AGGRESSIVE;
				CLANG_CXX_LANGUAGE_STANDARD = "gnu++14";
				CLANG_CXX_LIBRARY = "libc++";
				CLANG_ENABLE_MODULES = YES;
				CLANG_ENABLE_OBJC_ARC = YES;
				CLANG_ENABLE_OBJC_WEAK = YES;
				CLANG_WARN_BLOCK_CAPTURE_AUTORELEASING = YES;
				CLANG_WARN_BOOL_CONVERSION = YES;
				CLANG_WARN_COMMA = YES;
				CLANG_WARN_CONSTANT_CONVERSION = YES;
				CLANG_WARN_DEPRECATED_OBJC_IMPLEMENTATIONS = YES;
				CLANG_WARN_DIRECT_OBJC_ISA_USAGE = YES_ERROR;
				CLANG_WARN_DOCUMENTATION_COMMENTS = YES;
				CLANG_WARN_EMPTY_BODY = YES;
				CLANG_WARN_ENUM_CONVERSION = YES;
				CLANG_WARN_INFINITE_RECURSION = YES;
				CLANG_WARN_INT_CONVERSION = YES;
				CLANG_WARN_NON_LITERAL_NULL_CONVERSION = YES;
				CLANG_WARN_OBJC_IMPLICIT_RETAIN_SELF = YES;
				CLANG_WARN_OBJC_LITERAL_CONVERSION = YES;
				CLANG_WARN_OBJC_ROOT_CLASS = YES_ERROR;
				CLANG_WARN_RANGE_LOOP_ANALYSIS = YES;
				CLANG_WARN_STRICT_PROTOTYPES = YES;
				CLANG_WARN_SUSPICIOUS_MOVE = YES;
				CLANG_WARN_UNGUARDED_AVAILABILITY = YES_AGGRESSIVE;
				CLANG_WARN_UNREACHABLE_CODE = YES;
				CLANG_WARN__DUPLICATE_METHOD_MATCH = YES;
				COPY_PHASE_STRIP = NO;
				DEBUG_INFORMATION_FORMAT = dwarf;
				ENABLE_STRICT_OBJC_MSGSEND = YES;
				ENABLE_TESTABILITY = YES;
				GCC_C_LANGUAGE_STANDARD = gnu11;
				GCC_DYNAMIC_NO_PIC = NO;
				GCC_NO_COMMON_BLOCKS = YES;
				GCC_OPTIMIZATION_LEVEL = 0;
				GCC_PREPROCESSOR_DEFINITIONS = (
					"DEBUG=1",
					"$(inherited)",
				);
				GCC_WARN_64_TO_32_BIT_CONVERSION = YES;
				GCC_WARN_ABOUT_RETURN_TYPE = YES_ERROR;
				GCC_WARN_UNDECLARED_SELECTOR = YES;
				GCC_WARN_UNINITIALIZED_AUTOS = YES_AGGRESSIVE;
				GCC_WARN_UNUSED_FUNCTION = YES;
				GCC_WARN_UNUSED_VARIABLE = YES;
				IPHONEOS_DEPLOYMENT_TARGET = 13.2;
				MTL_ENABLE_DEBUG_INFO = INCLUDE_SOURCE;
				MTL_FAST_MATH = YES;
				ONLY_ACTIVE_ARCH = YES;
				SDKROOT = iphoneos;
				SWIFT_ACTIVE_COMPILATION_CONDITIONS = DEBUG;
				SWIFT_OPTIMIZATION_LEVEL = "-Onone";
			};
			name = Debug;
		};
		8644CEB825326EE7007C4ADD /* Release */ = {
			isa = XCBuildConfiguration;
			buildSettings = {
				ALWAYS_SEARCH_USER_PATHS = NO;
				CLANG_ANALYZER_NONNULL = YES;
				CLANG_ANALYZER_NUMBER_OBJECT_CONVERSION = YES_AGGRESSIVE;
				CLANG_CXX_LANGUAGE_STANDARD = "gnu++14";
				CLANG_CXX_LIBRARY = "libc++";
				CLANG_ENABLE_MODULES = YES;
				CLANG_ENABLE_OBJC_ARC = YES;
				CLANG_ENABLE_OBJC_WEAK = YES;
				CLANG_WARN_BLOCK_CAPTURE_AUTORELEASING = YES;
				CLANG_WARN_BOOL_CONVERSION = YES;
				CLANG_WARN_COMMA = YES;
				CLANG_WARN_CONSTANT_CONVERSION = YES;
				CLANG_WARN_DEPRECATED_OBJC_IMPLEMENTATIONS = YES;
				CLANG_WARN_DIRECT_OBJC_ISA_USAGE = YES_ERROR;
				CLANG_WARN_DOCUMENTATION_COMMENTS = YES;
				CLANG_WARN_EMPTY_BODY = YES;
				CLANG_WARN_ENUM_CONVERSION = YES;
				CLANG_WARN_INFINITE_RECURSION = YES;
				CLANG_WARN_INT_CONVERSION = YES;
				CLANG_WARN_NON_LITERAL_NULL_CONVERSION = YES;
				CLANG_WARN_OBJC_IMPLICIT_RETAIN_SELF = YES;
				CLANG_WARN_OBJC_LITERAL_CONVERSION = YES;
				CLANG_WARN_OBJC_ROOT_CLASS = YES_ERROR;
				CLANG_WARN_RANGE_LOOP_ANALYSIS = YES;
				CLANG_WARN_STRICT_PROTOTYPES = YES;
				CLANG_WARN_SUSPICIOUS_MOVE = YES;
				CLANG_WARN_UNGUARDED_AVAILABILITY = YES_AGGRESSIVE;
				CLANG_WARN_UNREACHABLE_CODE = YES;
				CLANG_WARN__DUPLICATE_METHOD_MATCH = YES;
				COPY_PHASE_STRIP = NO;
				DEBUG_INFORMATION_FORMAT = "dwarf-with-dsym";
				ENABLE_NS_ASSERTIONS = NO;
				ENABLE_STRICT_OBJC_MSGSEND = YES;
				GCC_C_LANGUAGE_STANDARD = gnu11;
				GCC_NO_COMMON_BLOCKS = YES;
				GCC_WARN_64_TO_32_BIT_CONVERSION = YES;
				GCC_WARN_ABOUT_RETURN_TYPE = YES_ERROR;
				GCC_WARN_UNDECLARED_SELECTOR = YES;
				GCC_WARN_UNINITIALIZED_AUTOS = YES_AGGRESSIVE;
				GCC_WARN_UNUSED_FUNCTION = YES;
				GCC_WARN_UNUSED_VARIABLE = YES;
				IPHONEOS_DEPLOYMENT_TARGET = 13.2;
				MTL_ENABLE_DEBUG_INFO = NO;
				MTL_FAST_MATH = YES;
				SDKROOT = iphoneos;
				SWIFT_COMPILATION_MODE = wholemodule;
				SWIFT_OPTIMIZATION_LEVEL = "-O";
				VALIDATE_PRODUCT = YES;
			};
			name = Release;
		};
		8644CEBA25326EE7007C4ADD /* Debug */ = {
			isa = XCBuildConfiguration;
			baseConfigurationReference = 4EB02D82E5E3B24600F65E3B /* Pods-LuckyApp.debug.xcconfig */;
			buildSettings = {
				ASSETCATALOG_COMPILER_APPICON_NAME = AppIcon;
				CODE_SIGN_STYLE = Automatic;
				INFOPLIST_FILE = LuckyApp/Info.plist;
				LD_RUNPATH_SEARCH_PATHS = (
					"$(inherited)",
					"@executable_path/Frameworks",
				);
				PRODUCT_BUNDLE_IDENTIFIER = Esteban.LuckyApp;
				PRODUCT_NAME = "$(TARGET_NAME)";
				SWIFT_VERSION = 5.0;
				TARGETED_DEVICE_FAMILY = "1,2";
			};
			name = Debug;
		};
		8644CEBB25326EE7007C4ADD /* Release */ = {
			isa = XCBuildConfiguration;
			baseConfigurationReference = 547BB5B2312D7086D7DD5C1C /* Pods-LuckyApp.release.xcconfig */;
			buildSettings = {
				ASSETCATALOG_COMPILER_APPICON_NAME = AppIcon;
				CODE_SIGN_STYLE = Automatic;
				INFOPLIST_FILE = LuckyApp/Info.plist;
				LD_RUNPATH_SEARCH_PATHS = (
					"$(inherited)",
					"@executable_path/Frameworks",
				);
				PRODUCT_BUNDLE_IDENTIFIER = Esteban.LuckyApp;
				PRODUCT_NAME = "$(TARGET_NAME)";
				SWIFT_VERSION = 5.0;
				TARGETED_DEVICE_FAMILY = "1,2";
			};
			name = Release;
		};
/* End XCBuildConfiguration section */

/* Begin XCConfigurationList section */
		8644CEA025326EE5007C4ADD /* Build configuration list for PBXProject "LuckyApp" */ = {
			isa = XCConfigurationList;
			buildConfigurations = (
				8644CEB725326EE7007C4ADD /* Debug */,
				8644CEB825326EE7007C4ADD /* Release */,
			);
			defaultConfigurationIsVisible = 0;
			defaultConfigurationName = Release;
		};
		8644CEB925326EE7007C4ADD /* Build configuration list for PBXNativeTarget "LuckyApp" */ = {
			isa = XCConfigurationList;
			buildConfigurations = (
				8644CEBA25326EE7007C4ADD /* Debug */,
				8644CEBB25326EE7007C4ADD /* Release */,
			);
			defaultConfigurationIsVisible = 0;
			defaultConfigurationName = Release;
		};
/* End XCConfigurationList section */
	};
	rootObject = 8644CE9D25326EE5007C4ADD /* Project object */;
}
